// !$*UTF8*$!
{
	archiveVersion = 1;
	classes = {
	};
	objectVersion = 77;
	objects = {

/* Begin PBXContainerItemProxy section */
		AA00000000000000000001A2 /* PBXContainerItemProxy */ = {
			isa = PBXContainerItemProxy;
			containerPortal = AA00000000000000000000A1 /* Project object */;
			proxyType = 1;
			remoteGlobalIDString = AA00000000000000000000D1;
			remoteInfo = JigsawPuzzle;
		};
/* End PBXContainerItemProxy section */

/* Begin PBXFileReference section */
		AA00000000000000000000C1 /* Sasha's Puzzles.app */ = {isa = PBXFileReference; explicitFileType = wrapper.application; includeInIndex = 0; path = "Sasha's Puzzles.app"; sourceTree = BUILT_PRODUCTS_DIR; };
		AA00000000000000000000C2 /* JigsawPuzzleTests.xctest */ = {isa = PBXFileReference; explicitFileType = wrapper.cfbundle; includeInIndex = 0; path = JigsawPuzzleTests.xctest; sourceTree = BUILT_PRODUCTS_DIR; };
		AA00000000000000000000C3 /* JigsawPuzzle.entitlements */ = {isa = PBXFileReference; lastKnownFileType = text.plist.entitlements; path = JigsawPuzzle.entitlements; sourceTree = "<group>"; };
/* End PBXFileReference section */

/* Begin PBXFileSystemSynchronizedRootGroup section */
		AA00000000000000000000B3 /* Sources */ = {
			isa = PBXFileSystemSynchronizedRootGroup;
			path = Sources;
			sourceTree = "<group>";
		};
		AA00000000000000000000B4 /* Tests */ = {
			isa = PBXFileSystemSynchronizedRootGroup;
			path = Tests;
			sourceTree = "<group>";
		};
/* End PBXFileSystemSynchronizedRootGroup section */

/* Begin PBXFrameworksBuildPhase section */
		AA00000000000000000000E2 /* Frameworks */ = {
			isa = PBXFrameworksBuildPhase;
			buildActionMask = 2147483647;
			files = (
			);
			runOnlyForDeploymentPostprocessing = 0;
		};
		AA00000000000000000000E5 /* Frameworks */ = {
			isa = PBXFrameworksBuildPhase;
			buildActionMask = 2147483647;
			files = (
			);
			runOnlyForDeploymentPostprocessing = 0;
		};
/* End PBXFrameworksBuildPhase section */

/* Begin PBXGroup section */
		AA00000000000000000000B1 = {
			isa = PBXGroup;
			children = (
				AA00000000000000000000B3 /* Sources */,
				AA00000000000000000000B4 /* Tests */,
				AA00000000000000000000B5 /* Config */,
				AA00000000000000000000B2 /* Products */,
			);
			sourceTree = "<group>";
		};
		AA00000000000000000000B2 /* Products */ = {
			isa = PBXGroup;
			children = (
				AA00000000000000000000C1 /* Sasha's Puzzles.app */,
				AA00000000000000000000C2 /* JigsawPuzzleTests.xctest */,
			);
			name = Products;
			sourceTree = "<group>";
		};
		AA00000000000000000000B5 /* Config */ = {
			isa = PBXGroup;
			children = (
				AA00000000000000000000C3 /* JigsawPuzzle.entitlements */,
			);
			path = Config;
			sourceTree = "<group>";
		};
/* End PBXGroup section */

/* Begin PBXNativeTarget section */
		AA00000000000000000000D1 /* JigsawPuzzle */ = {
			isa = PBXNativeTarget;
			buildConfigurationList = AA00000000000000000000F2 /* Build configuration list for PBXNativeTarget "JigsawPuzzle" */;
			buildPhases = (
				AA00000000000000000000E1 /* Sources */,
				AA00000000000000000000E2 /* Frameworks */,
				AA00000000000000000000E3 /* Resources */,
			);
			buildRules = (
			);
			dependencies = (
			);
			fileSystemSynchronizedGroups = (
				AA00000000000000000000B3 /* Sources */,
			);
			name = JigsawPuzzle;
			packageProductDependencies = (
			);
			productName = JigsawPuzzle;
			productReference = AA00000000000000000000C1 /* Sasha's Puzzles.app */;
			productType = "com.apple.product-type.application";
		};
		AA00000000000000000000D2 /* JigsawPuzzleTests */ = {
			isa = PBXNativeTarget;
			buildConfigurationList = AA00000000000000000000F3 /* Build configuration list for PBXNativeTarget "JigsawPuzzleTests" */;
			buildPhases = (
				AA00000000000000000000E4 /* Sources */,
				AA00000000000000000000E5 /* Frameworks */,
				AA00000000000000000000E6 /* Resources */,
			);
			buildRules = (
			);
			dependencies = (
				AA00000000000000000001A1 /* PBXTargetDependency */,
			);
			fileSystemSynchronizedGroups = (
				AA00000000000000000000B4 /* Tests */,
			);
			name = JigsawPuzzleTests;
			packageProductDependencies = (
			);
			productName = JigsawPuzzleTests;
			productReference = AA00000000000000000000C2 /* JigsawPuzzleTests.xctest */;
			productType = "com.apple.product-type.bundle.unit-test";
		};
/* End PBXNativeTarget section */

/* Begin PBXProject section */
		AA00000000000000000000A1 /* Project object */ = {
			isa = PBXProject;
			attributes = {
				BuildIndependentTargetsInParallel = 1;
				LastSwiftUpdateCheck = 2660;
				LastUpgradeCheck = 2660;
				TargetAttributes = {
					AA00000000000000000000D1 = {
						CreatedOnToolsVersion = 26.0;
					};
					AA00000000000000000000D2 = {
						CreatedOnToolsVersion = 26.0;
						TestTargetID = AA00000000000000000000D1;
					};
				};
			};
			buildConfigurationList = AA00000000000000000000F1 /* Build configuration list for PBXProject "JigsawPuzzle" */;
			developmentRegion = en;
			hasScannedForEncodings = 0;
			knownRegions = (
				en,
				ru,
				de,
				fr,
				es,
				it,
				"pt-BR",
				ja,
				ko,
				"zh-Hans",
				Base,
			);
			mainGroup = AA00000000000000000000B1;
			minimizedProjectReferenceProxies = 1;
			preferredProjectObjectVersion = 77;
			productRefGroup = AA00000000000000000000B2 /* Products */;
			projectDirPath = "";
			projectRoot = "";
			targets = (
				AA00000000000000000000D1 /* JigsawPuzzle */,
				AA00000000000000000000D2 /* JigsawPuzzleTests */,
			);
		};
/* End PBXProject section */

/* Begin PBXResourcesBuildPhase section */
		AA00000000000000000000E3 /* Resources */ = {
			isa = PBXResourcesBuildPhase;
			buildActionMask = 2147483647;
			files = (
			);
			runOnlyForDeploymentPostprocessing = 0;
		};
		AA00000000000000000000E6 /* Resources */ = {
			isa = PBXResourcesBuildPhase;
			buildActionMask = 2147483647;
			files = (
			);
			runOnlyForDeploymentPostprocessing = 0;
		};
/* End PBXResourcesBuildPhase section */

/* Begin PBXSourcesBuildPhase section */
		AA00000000000000000000E1 /* Sources */ = {
			isa = PBXSourcesBuildPhase;
			buildActionMask = 2147483647;
			files = (
			);
			runOnlyForDeploymentPostprocessing = 0;
		};
		AA00000000000000000000E4 /* Sources */ = {
			isa = PBXSourcesBuildPhase;
			buildActionMask = 2147483647;
			files = (
			);
			runOnlyForDeploymentPostprocessing = 0;
		};
/* End PBXSourcesBuildPhase section */

/* Begin PBXTargetDependency section */
		AA00000000000000000001A1 /* PBXTargetDependency */ = {
			isa = PBXTargetDependency;
			target = AA00000000000000000000D1 /* JigsawPuzzle */;
			targetProxy = AA00000000000000000001A2 /* PBXContainerItemProxy */;
		};
/* End PBXTargetDependency section */

/* Begin XCBuildConfiguration section */
		AA000000000000000000010A /* Debug */ = {
			isa = XCBuildConfiguration;
			buildSettings = {
				ALWAYS_SEARCH_USER_PATHS = NO;
				ASSETCATALOG_COMPILER_GENERATE_SWIFT_ASSET_SYMBOL_EXTENSIONS = YES;
				CLANG_ANALYZER_NONNULL = YES;
				CLANG_ENABLE_MODULES = YES;
				CLANG_ENABLE_OBJC_ARC = YES;
				COPY_PHASE_STRIP = NO;
				DEAD_CODE_STRIPPING = YES;
				DEBUG_INFORMATION_FORMAT = dwarf;
				ENABLE_STRICT_OBJC_MSGSEND = YES;
				ENABLE_TESTABILITY = YES;
				ENABLE_USER_SCRIPT_SANDBOXING = YES;
				GCC_C_LANGUAGE_STANDARD = gnu17;
				GCC_DYNAMIC_NO_PIC = NO;
				GCC_NO_COMMON_BLOCKS = YES;
				GCC_OPTIMIZATION_LEVEL = 0;
				GCC_PREPROCESSOR_DEFINITIONS = (
					"DEBUG=1",
					"$(inherited)",
				);
				GCC_WARN_UNDECLARED_SELECTOR = YES;
				GCC_WARN_UNUSED_FUNCTION = YES;
				GCC_WARN_UNUSED_VARIABLE = YES;
				IPHONEOS_DEPLOYMENT_TARGET = 18.0;
				LOCALIZATION_PREFERS_STRING_CATALOGS = YES;
				MACOSX_DEPLOYMENT_TARGET = 15.0;
				MTL_ENABLE_DEBUG_INFO = INCLUDE_SOURCE;
				MTL_FAST_MATH = YES;
				ONLY_ACTIVE_ARCH = YES;
				SWIFT_ACTIVE_COMPILATION_CONDITIONS = "DEBUG $(inherited)";
				SWIFT_APPROACHABLE_CONCURRENCY = YES;
				SWIFT_DEFAULT_ACTOR_ISOLATION = MainActor;
				SWIFT_EMIT_LOC_STRINGS = YES;
				SWIFT_OPTIMIZATION_LEVEL = "-Onone";
				SWIFT_STRICT_CONCURRENCY = complete;
				SWIFT_VERSION = 6.0;
			};
			name = Debug;
		};
		AA000000000000000000010B /* Release */ = {
			isa = XCBuildConfiguration;
			buildSettings = {
				ALWAYS_SEARCH_USER_PATHS = NO;
				ASSETCATALOG_COMPILER_GENERATE_SWIFT_ASSET_SYMBOL_EXTENSIONS = YES;
				CLANG_ANALYZER_NONNULL = YES;
				CLANG_ENABLE_MODULES = YES;
				CLANG_ENABLE_OBJC_ARC = YES;
				COPY_PHASE_STRIP = NO;
				DEAD_CODE_STRIPPING = YES;
				DEBUG_INFORMATION_FORMAT = "dwarf-with-dsym";
				ENABLE_NS_ASSERTIONS = NO;
				ENABLE_STRICT_OBJC_MSGSEND = YES;
				ENABLE_USER_SCRIPT_SANDBOXING = YES;
				GCC_C_LANGUAGE_STANDARD = gnu17;
				GCC_NO_COMMON_BLOCKS = YES;
				GCC_WARN_UNDECLARED_SELECTOR = YES;
				GCC_WARN_UNUSED_FUNCTION = YES;
				GCC_WARN_UNUSED_VARIABLE = YES;
				IPHONEOS_DEPLOYMENT_TARGET = 18.0;
				LOCALIZATION_PREFERS_STRING_CATALOGS = YES;
				MACOSX_DEPLOYMENT_TARGET = 15.0;
				MTL_ENABLE_DEBUG_INFO = NO;
				MTL_FAST_MATH = YES;
				SWIFT_APPROACHABLE_CONCURRENCY = YES;
				SWIFT_COMPILATION_MODE = wholemodule;
				SWIFT_DEFAULT_ACTOR_ISOLATION = MainActor;
				SWIFT_EMIT_LOC_STRINGS = YES;
				SWIFT_OPTIMIZATION_LEVEL = "-O";
				SWIFT_STRICT_CONCURRENCY = complete;
				SWIFT_VERSION = 6.0;
				VALIDATE_PRODUCT = YES;
			};
			name = Release;
		};
		AA000000000000000000010C /* Debug */ = {
			isa = XCBuildConfiguration;
			buildSettings = {
				ASSETCATALOG_COMPILER_APPICON_NAME = AppIcon;
				ASSETCATALOG_COMPILER_GLOBAL_ACCENT_COLOR_NAME = AccentColor;
				"CODE_SIGN_ENTITLEMENTS[sdk=macosx*]" = Config/JigsawPuzzle.entitlements;
				"CODE_SIGN_IDENTITY[sdk=macosx*]" = "-";
				CODE_SIGN_STYLE = Automatic;
				COMBINE_HIDPI_IMAGES = YES;
				CURRENT_PROJECT_VERSION = 2;
				DEVELOPMENT_TEAM = QU2NF6T447;
				ENABLE_HARDENED_RUNTIME = YES;
				ENABLE_PREVIEWS = YES;
				GENERATE_INFOPLIST_FILE = YES;
				INFOPLIST_KEY_CFBundleDisplayName = "Sasha's Puzzles";
				INFOPLIST_KEY_CFBundleName = "Sasha's Puzzles";
				INFOPLIST_KEY_ITSAppUsesNonExemptEncryption = NO;
				INFOPLIST_KEY_LSApplicationCategoryType = "public.app-category.puzzle-games";
				INFOPLIST_KEY_NSHumanReadableCopyright = "© 2026 Kirill Rychkov";
				INFOPLIST_KEY_NSPhotoLibraryUsageDescription = "Sasha's Puzzles needs access to your photo library so you can turn your own photos into puzzles.";
				"INFOPLIST_KEY_NSPrincipalClass[sdk=macosx*]" = NSApplication;
				"INFOPLIST_KEY_UIApplicationSupportsIndirectInputEvents[sdk=iphone*]" = YES;
				"INFOPLIST_KEY_UILaunchScreen_Generation[sdk=iphone*]" = YES;
				"INFOPLIST_KEY_CADisableMinimumFrameDurationOnPhone[sdk=iphone*]" = YES;
				"INFOPLIST_KEY_UIRequiresFullScreen[sdk=iphone*]" = NO;
				"INFOPLIST_KEY_UISupportedInterfaceOrientations_iPad[sdk=iphone*]" = "UIInterfaceOrientationPortrait UIInterfaceOrientationPortraitUpsideDown UIInterfaceOrientationLandscapeLeft UIInterfaceOrientationLandscapeRight";
				"INFOPLIST_KEY_UISupportedInterfaceOrientations_iPhone[sdk=iphone*]" = "UIInterfaceOrientationPortrait UIInterfaceOrientationLandscapeLeft UIInterfaceOrientationLandscapeRight";
				LD_RUNPATH_SEARCH_PATHS = (
					"$(inherited)",
					"@executable_path/Frameworks",
				);
				"LD_RUNPATH_SEARCH_PATHS[sdk=macosx*]" = (
					"$(inherited)",
					"@executable_path/../Frameworks",
				);
				MARKETING_VERSION = 1.0;
				PRODUCT_BUNDLE_IDENTIFIER = com.kirillrychkov.SashasPazzle;
				PRODUCT_MODULE_NAME = JigsawPuzzle;
				PRODUCT_NAME = "Sasha's Puzzles";
				SDKROOT = auto;
				SUPPORTED_PLATFORMS = "iphoneos iphonesimulator macosx";
				SUPPORTS_MACCATALYST = NO;
				SUPPORTS_MAC_DESIGNED_FOR_IPHONE_IPAD = NO;
				SWIFT_EMIT_LOC_STRINGS = YES;
				TARGETED_DEVICE_FAMILY = "1,2";
			};
			name = Debug;
		};
		AA000000000000000000010D /* Release */ = {
			isa = XCBuildConfiguration;
			buildSettings = {
				ASSETCATALOG_COMPILER_APPICON_NAME = AppIcon;
				ASSETCATALOG_COMPILER_GLOBAL_ACCENT_COLOR_NAME = AccentColor;
				"CODE_SIGN_ENTITLEMENTS[sdk=macosx*]" = Config/JigsawPuzzle.entitlements;
				CODE_SIGN_STYLE = Automatic;
				COMBINE_HIDPI_IMAGES = YES;
				CURRENT_PROJECT_VERSION = 2;
				DEVELOPMENT_TEAM = QU2NF6T447;
				ENABLE_HARDENED_RUNTIME = YES;
				ENABLE_PREVIEWS = YES;
				GENERATE_INFOPLIST_FILE = YES;
				INFOPLIST_KEY_CFBundleDisplayName = "Sasha's Puzzles";
				INFOPLIST_KEY_CFBundleName = "Sasha's Puzzles";
				INFOPLIST_KEY_ITSAppUsesNonExemptEncryption = NO;
				INFOPLIST_KEY_LSApplicationCategoryType = "public.app-category.puzzle-games";
				INFOPLIST_KEY_NSHumanReadableCopyright = "© 2026 Kirill Rychkov";
				INFOPLIST_KEY_NSPhotoLibraryUsageDescription = "Sasha's Puzzles needs access to your photo library so you can turn your own photos into puzzles.";
				"INFOPLIST_KEY_NSPrincipalClass[sdk=macosx*]" = NSApplication;
				"INFOPLIST_KEY_UIApplicationSupportsIndirectInputEvents[sdk=iphone*]" = YES;
				"INFOPLIST_KEY_UILaunchScreen_Generation[sdk=iphone*]" = YES;
				"INFOPLIST_KEY_CADisableMinimumFrameDurationOnPhone[sdk=iphone*]" = YES;
				"INFOPLIST_KEY_UIRequiresFullScreen[sdk=iphone*]" = NO;
				"INFOPLIST_KEY_UISupportedInterfaceOrientations_iPad[sdk=iphone*]" = "UIInterfaceOrientationPortrait UIInterfaceOrientationPortraitUpsideDown UIInterfaceOrientationLandscapeLeft UIInterfaceOrientationLandscapeRight";
				"INFOPLIST_KEY_UISupportedInterfaceOrientations_iPhone[sdk=iphone*]" = "UIInterfaceOrientationPortrait UIInterfaceOrientationLandscapeLeft UIInterfaceOrientationLandscapeRight";
				LD_RUNPATH_SEARCH_PATHS = (
					"$(inherited)",
					"@executable_path/Frameworks",
				);
				"LD_RUNPATH_SEARCH_PATHS[sdk=macosx*]" = (
					"$(inherited)",
					"@executable_path/../Frameworks",
				);
				MARKETING_VERSION = 1.0;
				PRODUCT_BUNDLE_IDENTIFIER = com.kirillrychkov.SashasPazzle;
				PRODUCT_MODULE_NAME = JigsawPuzzle;
				PRODUCT_NAME = "Sasha's Puzzles";
				SDKROOT = auto;
				SUPPORTED_PLATFORMS = "iphoneos iphonesimulator macosx";
				SUPPORTS_MACCATALYST = NO;
				SUPPORTS_MAC_DESIGNED_FOR_IPHONE_IPAD = NO;
				SWIFT_EMIT_LOC_STRINGS = YES;
				TARGETED_DEVICE_FAMILY = "1,2";
			};
			name = Release;
		};
		AA000000000000000000010E /* Debug */ = {
			isa = XCBuildConfiguration;
			buildSettings = {
				BUNDLE_LOADER = "$(TEST_HOST)";
				"CODE_SIGN_IDENTITY[sdk=macosx*]" = "-";
				CODE_SIGN_STYLE = Automatic;
				GENERATE_INFOPLIST_FILE = YES;
				MARKETING_VERSION = 1.0;
				PRODUCT_BUNDLE_IDENTIFIER = com.kirillrychkov.SashasPazzleTests;
				PRODUCT_NAME = "$(TARGET_NAME)";
				SDKROOT = auto;
				SUPPORTED_PLATFORMS = "iphoneos iphonesimulator macosx";
				SUPPORTS_MACCATALYST = NO;
				SWIFT_EMIT_LOC_STRINGS = NO;
				TARGETED_DEVICE_FAMILY = "1,2";
				"TEST_HOST[sdk=iphoneos*]" = "$(BUILT_PRODUCTS_DIR)/Sasha's Puzzles.app/Sasha's Puzzles";
				"TEST_HOST[sdk=iphonesimulator*]" = "$(BUILT_PRODUCTS_DIR)/Sasha's Puzzles.app/Sasha's Puzzles";
				"TEST_HOST[sdk=macosx*]" = "$(BUILT_PRODUCTS_DIR)/Sasha's Puzzles.app/Contents/MacOS/Sasha's Puzzles";
			};
			name = Debug;
		};
		AA000000000000000000010F /* Release */ = {
			isa = XCBuildConfiguration;
			buildSettings = {
				BUNDLE_LOADER = "$(TEST_HOST)";
				"CODE_SIGN_IDENTITY[sdk=macosx*]" = "-";
				CODE_SIGN_STYLE = Automatic;
				GENERATE_INFOPLIST_FILE = YES;
				MARKETING_VERSION = 1.0;
				PRODUCT_BUNDLE_IDENTIFIER = com.kirillrychkov.SashasPazzleTests;
				PRODUCT_NAME = "$(TARGET_NAME)";
				SDKROOT = auto;
				SUPPORTED_PLATFORMS = "iphoneos iphonesimulator macosx";
				SUPPORTS_MACCATALYST = NO;
				SWIFT_EMIT_LOC_STRINGS = NO;
				TARGETED_DEVICE_FAMILY = "1,2";
				"TEST_HOST[sdk=iphoneos*]" = "$(BUILT_PRODUCTS_DIR)/Sasha's Puzzles.app/Sasha's Puzzles";
				"TEST_HOST[sdk=iphonesimulator*]" = "$(BUILT_PRODUCTS_DIR)/Sasha's Puzzles.app/Sasha's Puzzles";
				"TEST_HOST[sdk=macosx*]" = "$(BUILT_PRODUCTS_DIR)/Sasha's Puzzles.app/Contents/MacOS/Sasha's Puzzles";
			};
			name = Release;
		};
/* End XCBuildConfiguration section */

/* Begin XCConfigurationList section */
		AA00000000000000000000F1 /* Build configuration list for PBXProject "JigsawPuzzle" */ = {
			isa = XCConfigurationList;
			buildConfigurations = (
				AA000000000000000000010A /* Debug */,
				AA000000000000000000010B /* Release */,
			);
			defaultConfigurationIsVisible = 0;
			defaultConfigurationName = Release;
		};
		AA00000000000000000000F2 /* Build configuration list for PBXNativeTarget "JigsawPuzzle" */ = {
			isa = XCConfigurationList;
			buildConfigurations = (
				AA000000000000000000010C /* Debug */,
				AA000000000000000000010D /* Release */,
			);
			defaultConfigurationIsVisible = 0;
			defaultConfigurationName = Release;
		};
		AA00000000000000000000F3 /* Build configuration list for PBXNativeTarget "JigsawPuzzleTests" */ = {
			isa = XCConfigurationList;
			buildConfigurations = (
				AA000000000000000000010E /* Debug */,
				AA000000000000000000010F /* Release */,
			);
			defaultConfigurationIsVisible = 0;
			defaultConfigurationName = Release;
		};
/* End XCConfigurationList section */
	};
	rootObject = AA00000000000000000000A1 /* Project object */;
}
